
Microsoft Visual Studio Solution File, Format Version 12.00
# Visual Studio Version 17
VisualStudioVersion = 17.14.36127.28 d17.14
MinimumVisualStudioVersion = 10.0.40219.1
Project("{FAE04EC0-301F-11D3-BF4B-00C04F79EFBC}") = "ChatGPTWinForms", "ChatGPTWinForms.csproj", "{0BBC356B-359E-4787-AD80-B78380D8660D}"
EndProject
Global
	GlobalSection(SolutionConfigurationPlatforms) = preSolution
		Debug|Any CPU = Debug|Any CPU
		Release|Any CPU = Release|Any CPU
	EndGlobalSection
	GlobalSection(ProjectConfigurationPlatforms) = postSolution
		{0BBC356B-359E-4787-AD80-B78380D8660D}.Debug|Any CPU.ActiveCfg = Debug|Any CPU
		{0BBC356B-359E-4787-AD80-B78380D8660D}.Debug|Any CPU.Build.0 = Debug|Any CPU
		{0BBC356B-359E-4787-AD80-B78380D8660D}.Release|Any CPU.ActiveCfg = Release|Any CPU
		{0BBC356B-359E-4787-AD80-B78380D8660D}.Release|Any CPU.Build.0 = Release|Any CPU
	EndGlobalSection
	GlobalSection(SolutionProperties) = preSolution
		HideSolutionNode = FALSE
	EndGlobalSection
	GlobalSection(ExtensibilityGlobals) = postSolution
		SolutionGuid = {1F44F32F-E0F4-4321-8E57-B02E43C503DB}
	EndGlobalSection
EndGlobal
